// !$*UTF8*$!
{
	archiveVersion = 1;
	classes = {
	};
	objectVersion = 46;
	objects = {

/* Begin PBXBuildFile section */
		510ECF011DF87FC3003058C7 /* libROS_std_msgs__rosidl_typesupport_introspection_c.a in Frameworks */ = {isa = PBXBuildFile; fileRef = 510ECF001DF87FC3003058C7 /* libROS_std_msgs__rosidl_typesupport_introspection_c.a */; };
		516957001DC9312B00463586 /* AppDelegate.m in Sources */ = {isa = PBXBuildFile; fileRef = 516956FF1DC9312B00463586 /* AppDelegate.m */; };
		516957031DC9312B00463586 /* ViewController.m in Sources */ = {isa = PBXBuildFile; fileRef = 516957021DC9312B00463586 /* ViewController.m */; };
		516957061DC9312B00463586 /* Main.storyboard in Resources */ = {isa = PBXBuildFile; fileRef = 516957041DC9312B00463586 /* Main.storyboard */; };
		516957081DC9312B00463586 /* Assets.xcassets in Resources */ = {isa = PBXBuildFile; fileRef = 516957071DC9312B00463586 /* Assets.xcassets */; };
		5169570B1DC9312B00463586 /* LaunchScreen.storyboard in Resources */ = {isa = PBXBuildFile; fileRef = 516957091DC9312B00463586 /* LaunchScreen.storyboard */; };
		51B01B781DE9BBE00085307F /* libc++.tbd in Frameworks */ = {isa = PBXBuildFile; fileRef = 51B01B771DE9BBE00085307F /* libc++.tbd */; };
		51B09A5E1DF87E2700B6E313 /* main.m in Sources */ = {isa = PBXBuildFile; fileRef = 51B09A5D1DF87E2700B6E313 /* main.m */; };
		51CC51311DF89785006C2DBB /* libstd_msgs__rosidl_typesupport_introspection_c.a in Frameworks */ = {isa = PBXBuildFile; fileRef = 51CC51301DF89785006C2DBB /* libstd_msgs__rosidl_typesupport_introspection_c.a */; };
		51CC51331DF897B4006C2DBB /* libstd_msgs__rosidl_generator_c.a in Frameworks */ = {isa = PBXBuildFile; fileRef = 51CC51321DF897B4006C2DBB /* libstd_msgs__rosidl_generator_c.a */; };
		51CC51351DF897EC006C2DBB /* librclobjc__rmw_fastrtps_cpp.a in Frameworks */ = {isa = PBXBuildFile; fileRef = 51CC51341DF897EC006C2DBB /* librclobjc__rmw_fastrtps_cpp.a */; };
		51CC51371DF8980F006C2DBB /* librcl__rmw_fastrtps_cpp.a in Frameworks */ = {isa = PBXBuildFile; fileRef = 51CC51361DF8980F006C2DBB /* librcl__rmw_fastrtps_cpp.a */; };
		51CC513B1DF8985F006C2DBB /* librmw_fastrtps_cpp.a in Frameworks */ = {isa = PBXBuildFile; fileRef = 51CC513A1DF8985F006C2DBB /* librmw_fastrtps_cpp.a */; };
		51CC513D1DF89889006C2DBB /* libfastrtps.a in Frameworks */ = {isa = PBXBuildFile; fileRef = 51CC513C1DF89889006C2DBB /* libfastrtps.a */; };
		51CC513F1DF898B2006C2DBB /* libfastcdr.a in Frameworks */ = {isa = PBXBuildFile; fileRef = 51CC513E1DF898B2006C2DBB /* libfastcdr.a */; };
		51CC51411DF898D6006C2DBB /* librmw.a in Frameworks */ = {isa = PBXBuildFile; fileRef = 51CC51401DF898D6006C2DBB /* librmw.a */; };
		51CC51431DF898F9006C2DBB /* librosidl_generator_c.a in Frameworks */ = {isa = PBXBuildFile; fileRef = 51CC51421DF898F9006C2DBB /* librosidl_generator_c.a */; };
		51CC51451DF89919006C2DBB /* librosidl_typesupport_introspection_c.a in Frameworks */ = {isa = PBXBuildFile; fileRef = 51CC51441DF89919006C2DBB /* librosidl_typesupport_introspection_c.a */; };
		51CC51471DF89947006C2DBB /* librosidl_typesupport_introspection_cpp.a in Frameworks */ = {isa = PBXBuildFile; fileRef = 51CC51461DF89947006C2DBB /* librosidl_typesupport_introspection_cpp.a */; };
/* End PBXBuildFile section */

/* Begin PBXFileReference section */
		510ECF001DF87FC3003058C7 /* libROS_std_msgs__rosidl_typesupport_introspection_c.a */ = {isa = PBXFileReference; lastKnownFileType = archive.ar; name = libROS_std_msgs__rosidl_typesupport_introspection_c.a; path = ../../../../../install_isolated/std_msgs/lib/libROS_std_msgs__rosidl_typesupport_introspection_c.a; sourceTree = "<group>"; };
		516956F81DC9312B00463586 /* Talker.app */ = {isa = PBXFileReference; explicitFileType = wrapper.application; includeInIndex = 0; path = Talker.app; sourceTree = BUILT_PRODUCTS_DIR; };
		516956FE1DC9312B00463586 /* AppDelegate.h */ = {isa = PBXFileReference; lastKnownFileType = sourcecode.c.h; path = AppDelegate.h; sourceTree = "<group>"; };
		516956FF1DC9312B00463586 /* AppDelegate.m */ = {isa = PBXFileReference; lastKnownFileType = sourcecode.c.objc; path = AppDelegate.m; sourceTree = "<group>"; };
		516957011DC9312B00463586 /* ViewController.h */ = {isa = PBXFileReference; lastKnownFileType = sourcecode.c.h; path = ViewController.h; sourceTree = "<group>"; };
		516957021DC9312B00463586 /* ViewController.m */ = {isa = PBXFileReference; lastKnownFileType = sourcecode.c.objc; path = ViewController.m; sourceTree = "<group>"; };
		516957051DC9312B00463586 /* Base */ = {isa = PBXFileReference; lastKnownFileType = file.storyboard; name = Base; path = Base.lproj/Main.storyboard; sourceTree = "<group>"; };
		516957071DC9312B00463586 /* Assets.xcassets */ = {isa = PBXFileReference; lastKnownFileType = folder.assetcatalog; path = Assets.xcassets; sourceTree = "<group>"; };
		5169570A1DC9312B00463586 /* Base */ = {isa = PBXFileReference; lastKnownFileType = file.storyboard; name = Base; path = Base.lproj/LaunchScreen.storyboard; sourceTree = "<group>"; };
		5169570C1DC9312B00463586 /* Info.plist */ = {isa = PBXFileReference; lastKnownFileType = text.plist.xml; path = Info.plist; sourceTree = "<group>"; };
		51B01B771DE9BBE00085307F /* libc++.tbd */ = {isa = PBXFileReference; lastKnownFileType = "sourcecode.text-based-dylib-definition"; name = "libc++.tbd"; path = "usr/lib/libc++.tbd"; sourceTree = SDKROOT; };
		51B09A5D1DF87E2700B6E313 /* main.m */ = {isa = PBXFileReference; fileEncoding = 4; lastKnownFileType = sourcecode.c.objc; path = main.m; sourceTree = "<group>"; };
		51CC51301DF89785006C2DBB /* libstd_msgs__rosidl_typesupport_introspection_c.a */ = {isa = PBXFileReference; lastKnownFileType = archive.ar; name = libstd_msgs__rosidl_typesupport_introspection_c.a; path = ../../../../../install_isolated/std_msgs/lib/libstd_msgs__rosidl_typesupport_introspection_c.a; sourceTree = "<group>"; };
		51CC51321DF897B4006C2DBB /* libstd_msgs__rosidl_generator_c.a */ = {isa = PBXFileReference; lastKnownFileType = archive.ar; name = libstd_msgs__rosidl_generator_c.a; path = ../../../../../install_isolated/std_msgs/lib/libstd_msgs__rosidl_generator_c.a; sourceTree = "<group>"; };
		51CC51341DF897EC006C2DBB /* librclobjc__rmw_fastrtps_cpp.a */ = {isa = PBXFileReference; lastKnownFileType = archive.ar; name = librclobjc__rmw_fastrtps_cpp.a; path = ../../../../../install_isolated/rclobjc/lib/librclobjc__rmw_fastrtps_cpp.a; sourceTree = "<group>"; };
		51CC51361DF8980F006C2DBB /* librcl__rmw_fastrtps_cpp.a */ = {isa = PBXFileReference; lastKnownFileType = archive.ar; name = librcl__rmw_fastrtps_cpp.a; path = ../../../../../install_isolated/rcl/lib/librcl__rmw_fastrtps_cpp.a; sourceTree = "<group>"; };
		51CC51381DF89838006C2DBB /* lib */ = {isa = PBXFileReference; lastKnownFileType = folder; name = lib; path = ../../../../../install_isolated/rmw_fastrtps_cpp/lib; sourceTree = "<group>"; };
		51CC513A1DF8985F006C2DBB /* librmw_fastrtps_cpp.a */ = {isa = PBXFileReference; lastKnownFileType = archive.ar; name = librmw_fastrtps_cpp.a; path = ../../../../../install_isolated/rmw_fastrtps_cpp/lib/librmw_fastrtps_cpp.a; sourceTree = "<group>"; };
		51CC513C1DF89889006C2DBB /* libfastrtps.a */ = {isa = PBXFileReference; lastKnownFileType = archive.ar; name = libfastrtps.a; path = ../../../../../install_isolated/fastrtps/lib/libfastrtps.a; sourceTree = "<group>"; };
		51CC513E1DF898B2006C2DBB /* libfastcdr.a */ = {isa = PBXFileReference; lastKnownFileType = archive.ar; name = libfastcdr.a; path = ../../../../../install_isolated/fastcdr/lib/libfastcdr.a; sourceTree = "<group>"; };
		51CC51401DF898D6006C2DBB /* librmw.a */ = {isa = PBXFileReference; lastKnownFileType = archive.ar; name = librmw.a; path = ../../../../../install_isolated/rmw/lib/librmw.a; sourceTree = "<group>"; };
		51CC51421DF898F9006C2DBB /* librosidl_generator_c.a */ = {isa = PBXFileReference; lastKnownFileType = archive.ar; name = librosidl_generator_c.a; path = ../../../../../install_isolated/rosidl_generator_c/lib/librosidl_generator_c.a; sourceTree = "<group>"; };
		51CC51441DF89919006C2DBB /* librosidl_typesupport_introspection_c.a */ = {isa = PBXFileReference; lastKnownFileType = archive.ar; name = librosidl_typesupport_introspection_c.a; path = ../../../../../install_isolated/rosidl_typesupport_introspection_c/lib/librosidl_typesupport_introspection_c.a; sourceTree = "<group>"; };
		51CC51461DF89947006C2DBB /* librosidl_typesupport_introspection_cpp.a */ = {isa = PBXFileReference; lastKnownFileType = archive.ar; name = librosidl_typesupport_introspection_cpp.a; path = ../../../../../install_isolated/rosidl_typesupport_introspection_cpp/lib/librosidl_typesupport_introspection_cpp.a; sourceTree = "<group>"; };
		51F625081DC96BEE008DA275 /* ros2_objc */ = {isa = PBXFileReference; lastKnownFileType = folder; name = ros2_objc; path = ../../../ros2_objc; sourceTree = "<group>"; };
/* End PBXFileReference section */

/* Begin PBXFrameworksBuildPhase section */
		516956F51DC9312B00463586 /* Frameworks */ = {
			isa = PBXFrameworksBuildPhase;
			buildActionMask = 2147483647;
			files = (
				51CC51471DF89947006C2DBB /* librosidl_typesupport_introspection_cpp.a in Frameworks */,
				51CC51451DF89919006C2DBB /* librosidl_typesupport_introspection_c.a in Frameworks */,
				51CC51431DF898F9006C2DBB /* librosidl_generator_c.a in Frameworks */,
				51CC51411DF898D6006C2DBB /* librmw.a in Frameworks */,
				51CC513F1DF898B2006C2DBB /* libfastcdr.a in Frameworks */,
				51CC513D1DF89889006C2DBB /* libfastrtps.a in Frameworks */,
				51CC513B1DF8985F006C2DBB /* librmw_fastrtps_cpp.a in Frameworks */,
				51CC51371DF8980F006C2DBB /* librcl__rmw_fastrtps_cpp.a in Frameworks */,
				51CC51351DF897EC006C2DBB /* librclobjc__rmw_fastrtps_cpp.a in Frameworks */,
				51CC51331DF897B4006C2DBB /* libstd_msgs__rosidl_generator_c.a in Frameworks */,
				51CC51311DF89785006C2DBB /* libstd_msgs__rosidl_typesupport_introspection_c.a in Frameworks */,
				510ECF011DF87FC3003058C7 /* libROS_std_msgs__rosidl_typesupport_introspection_c.a in Frameworks */,
				51B01B781DE9BBE00085307F /* libc++.tbd in Frameworks */,
			);
			runOnlyForDeploymentPostprocessing = 0;
		};
/* End PBXFrameworksBuildPhase section */

/* Begin PBXGroup section */
		516956EF1DC9312B00463586 = {
			isa = PBXGroup;
			children = (
				516956FA1DC9312B00463586 /* Talker */,
				516956F91DC9312B00463586 /* Products */,
				51F625071DC96BED008DA275 /* Frameworks */,
			);
			sourceTree = "<group>";
		};
		516956F91DC9312B00463586 /* Products */ = {
			isa = PBXGroup;
			children = (
				516956F81DC9312B00463586 /* Talker.app */,
			);
			name = Products;
			sourceTree = "<group>";
		};
		516956FA1DC9312B00463586 /* Talker */ = {
			isa = PBXGroup;
			children = (
				51B09A5D1DF87E2700B6E313 /* main.m */,
				516956FE1DC9312B00463586 /* AppDelegate.h */,
				516956FF1DC9312B00463586 /* AppDelegate.m */,
				516957011DC9312B00463586 /* ViewController.h */,
				516957021DC9312B00463586 /* ViewController.m */,
				516957041DC9312B00463586 /* Main.storyboard */,
				516957071DC9312B00463586 /* Assets.xcassets */,
				516957091DC9312B00463586 /* LaunchScreen.storyboard */,
				5169570C1DC9312B00463586 /* Info.plist */,
			);
			path = Talker;
			sourceTree = "<group>";
		};
		51F625071DC96BED008DA275 /* Frameworks */ = {
			isa = PBXGroup;
			children = (
				51CC51461DF89947006C2DBB /* librosidl_typesupport_introspection_cpp.a */,
				51CC51441DF89919006C2DBB /* librosidl_typesupport_introspection_c.a */,
				51CC51421DF898F9006C2DBB /* librosidl_generator_c.a */,
				51CC51401DF898D6006C2DBB /* librmw.a */,
				51CC513E1DF898B2006C2DBB /* libfastcdr.a */,
				51CC513C1DF89889006C2DBB /* libfastrtps.a */,
				51CC513A1DF8985F006C2DBB /* librmw_fastrtps_cpp.a */,
				51CC51381DF89838006C2DBB /* lib */,
				51CC51361DF8980F006C2DBB /* librcl__rmw_fastrtps_cpp.a */,
				51CC51341DF897EC006C2DBB /* librclobjc__rmw_fastrtps_cpp.a */,
				51CC51321DF897B4006C2DBB /* libstd_msgs__rosidl_generator_c.a */,
				51CC51301DF89785006C2DBB /* libstd_msgs__rosidl_typesupport_introspection_c.a */,
				510ECF001DF87FC3003058C7 /* libROS_std_msgs__rosidl_typesupport_introspection_c.a */,
				51B01B771DE9BBE00085307F /* libc++.tbd */,
				51F625081DC96BEE008DA275 /* ros2_objc */,
			);
			name = Frameworks;
			sourceTree = "<group>";
		};
/* End PBXGroup section */

/* Begin PBXNativeTarget section */
		516956F71DC9312B00463586 /* Talker */ = {
			isa = PBXNativeTarget;
			buildConfigurationList = 5169570F1DC9312B00463586 /* Build configuration list for PBXNativeTarget "Talker" */;
			buildPhases = (
				516956F41DC9312B00463586 /* Sources */,
				516956F51DC9312B00463586 /* Frameworks */,
				516956F61DC9312B00463586 /* Resources */,
			);
			buildRules = (
			);
			dependencies = (
			);
			name = Talker;
			productName = Talker;
			productReference = 516956F81DC9312B00463586 /* Talker.app */;
			productType = "com.apple.product-type.application";
		};
/* End PBXNativeTarget section */

/* Begin PBXProject section */
		516956F01DC9312B00463586 /* Project object */ = {
			isa = PBXProject;
			attributes = {
				LastUpgradeCheck = 0810;
				ORGANIZATIONNAME = "Esteve Fernandez";
				TargetAttributes = {
					516956F71DC9312B00463586 = {
						CreatedOnToolsVersion = 8.1;
						DevelopmentTeam = S544BY8AAJ;
						ProvisioningStyle = Automatic;
					};
				};
			};
			buildConfigurationList = 516956F31DC9312B00463586 /* Build configuration list for PBXProject "Talker" */;
			compatibilityVersion = "Xcode 3.2";
			developmentRegion = English;
			hasScannedForEncodings = 0;
			knownRegions = (
				en,
				Base,
			);
			mainGroup = 516956EF1DC9312B00463586;
			productRefGroup = 516956F91DC9312B00463586 /* Products */;
			projectDirPath = "";
			projectRoot = "";
			targets = (
				516956F71DC9312B00463586 /* Talker */,
			);
		};
/* End PBXProject section */

/* Begin PBXResourcesBuildPhase section */
		516956F61DC9312B00463586 /* Resources */ = {
			isa = PBXResourcesBuildPhase;
			buildActionMask = 2147483647;
			files = (
				5169570B1DC9312B00463586 /* LaunchScreen.storyboard in Resources */,
				516957081DC9312B00463586 /* Assets.xcassets in Resources */,
				516957061DC9312B00463586 /* Main.storyboard in Resources */,
			);
			runOnlyForDeploymentPostprocessing = 0;
		};
/* End PBXResourcesBuildPhase section */

/* Begin PBXSourcesBuildPhase section */
		516956F41DC9312B00463586 /* Sources */ = {
			isa = PBXSourcesBuildPhase;
			buildActionMask = 2147483647;
			files = (
				516957031DC9312B00463586 /* ViewController.m in Sources */,
				51B09A5E1DF87E2700B6E313 /* main.m in Sources */,
				516957001DC9312B00463586 /* AppDelegate.m in Sources */,
			);
			runOnlyForDeploymentPostprocessing = 0;
		};
/* End PBXSourcesBuildPhase section */

/* Begin PBXVariantGroup section */
		516957041DC9312B00463586 /* Main.storyboard */ = {
			isa = PBXVariantGroup;
			children = (
				516957051DC9312B00463586 /* Base */,
			);
			name = Main.storyboard;
			sourceTree = "<group>";
		};
		516957091DC9312B00463586 /* LaunchScreen.storyboard */ = {
			isa = PBXVariantGroup;
			children = (
				5169570A1DC9312B00463586 /* Base */,
			);
			name = LaunchScreen.storyboard;
			sourceTree = "<group>";
		};
/* End PBXVariantGroup section */

/* Begin XCBuildConfiguration section */
		5169570D1DC9312B00463586 /* Debug */ = {
			isa = XCBuildConfiguration;
			buildSettings = {
				ALWAYS_SEARCH_USER_PATHS = NO;
				CLANG_ANALYZER_NONNULL = YES;
				CLANG_CXX_LANGUAGE_STANDARD = "gnu++0x";
				CLANG_CXX_LIBRARY = "libc++";
				CLANG_ENABLE_MODULES = YES;
				CLANG_ENABLE_OBJC_ARC = YES;
				CLANG_WARN_BOOL_CONVERSION = YES;
				CLANG_WARN_CONSTANT_CONVERSION = YES;
				CLANG_WARN_DIRECT_OBJC_ISA_USAGE = YES_ERROR;
				CLANG_WARN_DOCUMENTATION_COMMENTS = YES;
				CLANG_WARN_EMPTY_BODY = YES;
				CLANG_WARN_ENUM_CONVERSION = YES;
				CLANG_WARN_INFINITE_RECURSION = YES;
				CLANG_WARN_INT_CONVERSION = YES;
				CLANG_WARN_OBJC_ROOT_CLASS = YES_ERROR;
				CLANG_WARN_SUSPICIOUS_MOVES = YES;
				CLANG_WARN_UNREACHABLE_CODE = YES;
				CLANG_WARN__DUPLICATE_METHOD_MATCH = YES;
				"CODE_SIGN_IDENTITY[sdk=iphoneos*]" = "iPhone Developer";
				COPY_PHASE_STRIP = NO;
				DEBUG_INFORMATION_FORMAT = dwarf;
				ENABLE_STRICT_OBJC_MSGSEND = YES;
				ENABLE_TESTABILITY = YES;
				GCC_C_LANGUAGE_STANDARD = gnu99;
				GCC_DYNAMIC_NO_PIC = NO;
				GCC_NO_COMMON_BLOCKS = YES;
				GCC_OPTIMIZATION_LEVEL = 0;
				GCC_PREPROCESSOR_DEFINITIONS = (
					"DEBUG=1",
					"$(inherited)",
				);
				GCC_WARN_64_TO_32_BIT_CONVERSION = YES;
				GCC_WARN_ABOUT_RETURN_TYPE = YES_ERROR;
				GCC_WARN_UNDECLARED_SELECTOR = YES;
				GCC_WARN_UNINITIALIZED_AUTOS = YES_AGGRESSIVE;
				GCC_WARN_UNUSED_FUNCTION = YES;
				GCC_WARN_UNUSED_VARIABLE = YES;
				IPHONEOS_DEPLOYMENT_TARGET = 10.1;
				MTL_ENABLE_DEBUG_INFO = YES;
				ONLY_ACTIVE_ARCH = YES;
				SDKROOT = iphoneos;
			};
			name = Debug;
		};
		5169570E1DC9312B00463586 /* Release */ = {
			isa = XCBuildConfiguration;
			buildSettings = {
				ALWAYS_SEARCH_USER_PATHS = NO;
				CLANG_ANALYZER_NONNULL = YES;
				CLANG_CXX_LANGUAGE_STANDARD = "gnu++0x";
				CLANG_CXX_LIBRARY = "libc++";
				CLANG_ENABLE_MODULES = YES;
				CLANG_ENABLE_OBJC_ARC = YES;
				CLANG_WARN_BOOL_CONVERSION = YES;
				CLANG_WARN_CONSTANT_CONVERSION = YES;
				CLANG_WARN_DIRECT_OBJC_ISA_USAGE = YES_ERROR;
				CLANG_WARN_DOCUMENTATION_COMMENTS = YES;
				CLANG_WARN_EMPTY_BODY = YES;
				CLANG_WARN_ENUM_CONVERSION = YES;
				CLANG_WARN_INFINITE_RECURSION = YES;
				CLANG_WARN_INT_CONVERSION = YES;
				CLANG_WARN_OBJC_ROOT_CLASS = YES_ERROR;
				CLANG_WARN_SUSPICIOUS_MOVES = YES;
				CLANG_WARN_UNREACHABLE_CODE = YES;
				CLANG_WARN__DUPLICATE_METHOD_MATCH = YES;
				"CODE_SIGN_IDENTITY[sdk=iphoneos*]" = "iPhone Developer";
				COPY_PHASE_STRIP = NO;
				DEBUG_INFORMATION_FORMAT = "dwarf-with-dsym";
				ENABLE_NS_ASSERTIONS = NO;
				ENABLE_STRICT_OBJC_MSGSEND = YES;
				GCC_C_LANGUAGE_STANDARD = gnu99;
				GCC_NO_COMMON_BLOCKS = YES;
				GCC_WARN_64_TO_32_BIT_CONVERSION = YES;
				GCC_WARN_ABOUT_RETURN_TYPE = YES_ERROR;
				GCC_WARN_UNDECLARED_SELECTOR = YES;
				GCC_WARN_UNINITIALIZED_AUTOS = YES_AGGRESSIVE;
				GCC_WARN_UNUSED_FUNCTION = YES;
				GCC_WARN_UNUSED_VARIABLE = YES;
				IPHONEOS_DEPLOYMENT_TARGET = 10.1;
				MTL_ENABLE_DEBUG_INFO = NO;
				SDKROOT = iphoneos;
				VALIDATE_PRODUCT = YES;
			};
			name = Release;
		};
		516957101DC9312B00463586 /* Debug */ = {
			isa = XCBuildConfiguration;
			buildSettings = {
				ASSETCATALOG_COMPILER_APPICON_NAME = AppIcon;
				DEVELOPMENT_TEAM = S544BY8AAJ;
				ENABLE_BITCODE = NO;
				INFOPLIST_FILE = Talker/Info.plist;
				IPHONEOS_DEPLOYMENT_TARGET = 9.1;
				LD_RUNPATH_SEARCH_PATHS = "$(inherited) @executable_path/Frameworks";
				LIBRARY_SEARCH_PATHS = "../../../../../install_isolated/**";
				PRODUCT_BUNDLE_IDENTIFIER = org.ros2.rclobjc.examples.Talker;
				PRODUCT_NAME = "$(TARGET_NAME)";
				USER_HEADER_SEARCH_PATHS = "../../../../../install_isolated/**";
			};
			name = Debug;
		};
		516957111DC9312B00463586 /* Release */ = {
			isa = XCBuildConfiguration;
			buildSettings = {
				ASSETCATALOG_COMPILER_APPICON_NAME = AppIcon;
				DEVELOPMENT_TEAM = S544BY8AAJ;
				ENABLE_BITCODE = NO;
				INFOPLIST_FILE = Talker/Info.plist;
				IPHONEOS_DEPLOYMENT_TARGET = 9.1;
				LD_RUNPATH_SEARCH_PATHS = "$(inherited) @executable_path/Frameworks";
				LIBRARY_SEARCH_PATHS = "../../../../../install_isolated/**";
				PRODUCT_BUNDLE_IDENTIFIER = org.ros2.rclobjc.examples.Talker;
				PRODUCT_NAME = "$(TARGET_NAME)";
				USER_HEADER_SEARCH_PATHS = "../../../../../install_isolated/**";
			};
			name = Release;
		};
/* End XCBuildConfiguration section */

/* Begin XCConfigurationList section */
		516956F31DC9312B00463586 /* Build configuration list for PBXProject "Talker" */ = {
			isa = XCConfigurationList;
			buildConfigurations = (
				5169570D1DC9312B00463586 /* Debug */,
				5169570E1DC9312B00463586 /* Release */,
			);
			defaultConfigurationIsVisible = 0;
			defaultConfigurationName = Release;
		};
		5169570F1DC9312B00463586 /* Build configuration list for PBXNativeTarget "Talker" */ = {
			isa = XCConfigurationList;
			buildConfigurations = (
				516957101DC9312B00463586 /* Debug */,
				516957111DC9312B00463586 /* Release */,
			);
			defaultConfigurationIsVisible = 0;
			defaultConfigurationName = Release;
		};
/* End XCConfigurationList section */
	};
	rootObject = 516956F01DC9312B00463586 /* Project object */;
}
